
Microsoft Visual Studio Solution File, Format Version 12.00
# Visual Studio Version 16
VisualStudioVersion = 16.0.31727.386
MinimumVisualStudioVersion = 10.0.40219.1
Project("{FAE04EC0-301F-11D3-BF4B-00C04F79EFBC}") = "WebAltura", "WebAltura\WebAltura.csproj", "{C240A7E3-FE32-484A-8288-85376438FF54}"
EndProject
Global
	GlobalSection(SolutionConfigurationPlatforms) = preSolution
		Debug|Any CPU = Debug|Any CPU
		Release|Any CPU = Release|Any CPU
	EndGlobalSection
	GlobalSection(ProjectConfigurationPlatforms) = postSolution
		{C240A7E3-FE32-484A-8288-85376438FF54}.Debug|Any CPU.ActiveCfg = Debug|Any CPU
		{C240A7E3-FE32-484A-8288-85376438FF54}.Debug|Any CPU.Build.0 = Debug|Any CPU
		{C240A7E3-FE32-484A-8288-85376438FF54}.Release|Any CPU.ActiveCfg = Release|Any CPU
		{C240A7E3-FE32-484A-8288-85376438FF54}.Release|Any CPU.Build.0 = Release|Any CPU
	EndGlobalSection
	GlobalSection(SolutionProperties) = preSolution
		HideSolutionNode = FALSE
	EndGlobalSection
	GlobalSection(ExtensibilityGlobals) = postSolution
		SolutionGuid = {086A01A1-0B92-41AE-BEBC-2F12541BE927}
	EndGlobalSection
EndGlobal
